
Microsoft Visual Studio Solution File, Format Version 12.00
# Visual Studio 15
VisualStudioVersion = 15.0.26124.0
MinimumVisualStudioVersion = 15.0.26124.0
Project("{9A19103F-16F7-4668-BE54-9A1E7A4F7556}") = "LdapManager", "LdapManager\LdapManager.csproj", "{418B707C-54CB-4CDA-A597-E6E7710AF702}"
EndProject
Project("{9A19103F-16F7-4668-BE54-9A1E7A4F7556}") = "LdapManager.Test", "LdapManager.Test\LdapManager.Test.csproj", "{78747CFE-3071-4720-B1D6-12AA50280DF5}"
EndProject
Global
	GlobalSection(SolutionConfigurationPlatforms) = preSolution
		Debug|Any CPU = Debug|Any CPU
		Debug|x64 = Debug|x64
		Debug|x86 = Debug|x86
		Release|Any CPU = Release|Any CPU
		Release|x64 = Release|x64
		Release|x86 = Release|x86
	EndGlobalSection
	GlobalSection(ProjectConfigurationPlatforms) = postSolution
		{418B707C-54CB-4CDA-A597-E6E7710AF702}.Debug|Any CPU.ActiveCfg = Debug|Any CPU
		{418B707C-54CB-4CDA-A597-E6E7710AF702}.Debug|Any CPU.Build.0 = Debug|Any CPU
		{418B707C-54CB-4CDA-A597-E6E7710AF702}.Debug|x64.ActiveCfg = Debug|Any CPU
		{418B707C-54CB-4CDA-A597-E6E7710AF702}.Debug|x64.Build.0 = Debug|Any CPU
		{418B707C-54CB-4CDA-A597-E6E7710AF702}.Debug|x86.ActiveCfg = Debug|Any CPU
		{418B707C-54CB-4CDA-A597-E6E7710AF702}.Debug|x86.Build.0 = Debug|Any CPU
		{418B707C-54CB-4CDA-A597-E6E7710AF702}.Release|Any CPU.ActiveCfg = Release|Any CPU
		{418B707C-54CB-4CDA-A597-E6E7710AF702}.Release|Any CPU.Build.0 = Release|Any CPU
		{418B707C-54CB-4CDA-A597-E6E7710AF702}.Release|x64.ActiveCfg = Release|Any CPU
		{418B707C-54CB-4CDA-A597-E6E7710AF702}.Release|x64.Build.0 = Release|Any CPU
		{418B707C-54CB-4CDA-A597-E6E7710AF702}.Release|x86.ActiveCfg = Release|Any CPU
		{418B707C-54CB-4CDA-A597-E6E7710AF702}.Release|x86.Build.0 = Release|Any CPU
		{78747CFE-3071-4720-B1D6-12AA50280DF5}.Debug|Any CPU.ActiveCfg = Debug|Any CPU
		{78747CFE-3071-4720-B1D6-12AA50280DF5}.Debug|Any CPU.Build.0 = Debug|Any CPU
		{78747CFE-3071-4720-B1D6-12AA50280DF5}.Debug|x64.ActiveCfg = Debug|Any CPU
		{78747CFE-3071-4720-B1D6-12AA50280DF5}.Debug|x64.Build.0 = Debug|Any CPU
		{78747CFE-3071-4720-B1D6-12AA50280DF5}.Debug|x86.ActiveCfg = Debug|Any CPU
		{78747CFE-3071-4720-B1D6-12AA50280DF5}.Debug|x86.Build.0 = Debug|Any CPU
		{78747CFE-3071-4720-B1D6-12AA50280DF5}.Release|Any CPU.ActiveCfg = Release|Any CPU
		{78747CFE-3071-4720-B1D6-12AA50280DF5}.Release|Any CPU.Build.0 = Release|Any CPU
		{78747CFE-3071-4720-B1D6-12AA50280DF5}.Release|x64.ActiveCfg = Release|Any CPU
		{78747CFE-3071-4720-B1D6-12AA50280DF5}.Release|x64.Build.0 = Release|Any CPU
		{78747CFE-3071-4720-B1D6-12AA50280DF5}.Release|x86.ActiveCfg = Release|Any CPU
		{78747CFE-3071-4720-B1D6-12AA50280DF5}.Release|x86.Build.0 = Release|Any CPU
	EndGlobalSection
	GlobalSection(SolutionProperties) = preSolution
		HideSolutionNode = FALSE
	EndGlobalSection
	GlobalSection(ExtensibilityGlobals) = postSolution
		SolutionGuid = {1532E34D-86B8-471C-970B-AA228370F51E}
	EndGlobalSection
EndGlobal
